
Microsoft Visual Studio Solution File, Format Version 12.00
# Visual Studio Version 18
VisualStudioVersion = 18.1.11312.151
MinimumVisualStudioVersion = 10.0.40219.1
Project("{FAE04EC0-301F-11D3-BF4B-00C04F79EFBC}") = "BookStore.Web", "BookStore.Web\BookStore.Web.csproj", "{0563925A-B8AD-4496-8897-9DFDDCEE632C}"
EndProject
Project("{FAE04EC0-301F-11D3-BF4B-00C04F79EFBC}") = "BookStore.Web.Tests", "BookStore.Web.Tests\BookStore.Web.Tests.csproj", "{348AE2B5-A6C0-49C4-A3D8-37433A21A927}"
EndProject
Project("{FAE04EC0-301F-11D3-BF4B-00C04F79EFBC}") = "BookStore.Services", "BookStore.Services\BookStore.Services.csproj", "{81F333A3-090F-455A-B5A1-5FB92151904B}"
EndProject
Project("{FAE04EC0-301F-11D3-BF4B-00C04F79EFBC}") = "BookStore.Entities", "BookStore.Entities\BookStore.Entities.csproj", "{359263DB-7211-4CFD-9C5C-45E647350B9F}"
EndProject
Project("{FAE04EC0-301F-11D3-BF4B-00C04F79EFBC}") = "BookStore.Data", "BookStore.Data\BookStore.Data.csproj", "{C8C4B208-C875-46EE-B116-E2A67FE962C2}"
EndProject
Project("{FAE04EC0-301F-11D3-BF4B-00C04F79EFBC}") = "BookStore.API", "BookStore.API\BookStore.API.csproj", "{C97291D5-0974-4DC8-9A1F-446A8CAD19F1}"
EndProject
Project("{FAE04EC0-301F-11D3-BF4B-00C04F79EFBC}") = "BookStore.API.Tests", "BookStore.API.Tests\BookStore.API.Tests.csproj", "{C6813B48-2477-4FF8-BE30-674E694FF7A8}"
EndProject
Global
	GlobalSection(SolutionConfigurationPlatforms) = preSolution
		Debug|Any CPU = Debug|Any CPU
		DEV|Any CPU = DEV|Any CPU
		Prod|Any CPU = Prod|Any CPU
		Release|Any CPU = Release|Any CPU
		UAT|Any CPU = UAT|Any CPU
	EndGlobalSection
	GlobalSection(ProjectConfigurationPlatforms) = postSolution
		{0563925A-B8AD-4496-8897-9DFDDCEE632C}.Debug|Any CPU.ActiveCfg = Debug|Any CPU
		{0563925A-B8AD-4496-8897-9DFDDCEE632C}.Debug|Any CPU.Build.0 = Debug|Any CPU
		{0563925A-B8AD-4496-8897-9DFDDCEE632C}.DEV|Any CPU.ActiveCfg = Debug|Any CPU
		{0563925A-B8AD-4496-8897-9DFDDCEE632C}.DEV|Any CPU.Build.0 = Debug|Any CPU
		{0563925A-B8AD-4496-8897-9DFDDCEE632C}.Prod|Any CPU.ActiveCfg = Prod|Any CPU
		{0563925A-B8AD-4496-8897-9DFDDCEE632C}.Prod|Any CPU.Build.0 = Prod|Any CPU
		{0563925A-B8AD-4496-8897-9DFDDCEE632C}.Release|Any CPU.ActiveCfg = Release|Any CPU
		{0563925A-B8AD-4496-8897-9DFDDCEE632C}.Release|Any CPU.Build.0 = Release|Any CPU
		{0563925A-B8AD-4496-8897-9DFDDCEE632C}.UAT|Any CPU.ActiveCfg = UAT|Any CPU
		{0563925A-B8AD-4496-8897-9DFDDCEE632C}.UAT|Any CPU.Build.0 = UAT|Any CPU
		{348AE2B5-A6C0-49C4-A3D8-37433A21A927}.Debug|Any CPU.ActiveCfg = Debug|Any CPU
		{348AE2B5-A6C0-49C4-A3D8-37433A21A927}.Debug|Any CPU.Build.0 = Debug|Any CPU
		{348AE2B5-A6C0-49C4-A3D8-37433A21A927}.DEV|Any CPU.ActiveCfg = Debug|Any CPU
		{348AE2B5-A6C0-49C4-A3D8-37433A21A927}.DEV|Any CPU.Build.0 = Debug|Any CPU
		{348AE2B5-A6C0-49C4-A3D8-37433A21A927}.Prod|Any CPU.ActiveCfg = Prod|Any CPU
		{348AE2B5-A6C0-49C4-A3D8-37433A21A927}.Prod|Any CPU.Build.0 = Prod|Any CPU
		{348AE2B5-A6C0-49C4-A3D8-37433A21A927}.Release|Any CPU.ActiveCfg = Release|Any CPU
		{348AE2B5-A6C0-49C4-A3D8-37433A21A927}.Release|Any CPU.Build.0 = Release|Any CPU
		{348AE2B5-A6C0-49C4-A3D8-37433A21A927}.UAT|Any CPU.ActiveCfg = UAT|Any CPU
		{348AE2B5-A6C0-49C4-A3D8-37433A21A927}.UAT|Any CPU.Build.0 = UAT|Any CPU
		{81F333A3-090F-455A-B5A1-5FB92151904B}.Debug|Any CPU.ActiveCfg = Debug|Any CPU
		{81F333A3-090F-455A-B5A1-5FB92151904B}.Debug|Any CPU.Build.0 = Debug|Any CPU
		{81F333A3-090F-455A-B5A1-5FB92151904B}.DEV|Any CPU.ActiveCfg = Release|Any CPU
		{81F333A3-090F-455A-B5A1-5FB92151904B}.DEV|Any CPU.Build.0 = Release|Any CPU
		{81F333A3-090F-455A-B5A1-5FB92151904B}.Prod|Any CPU.ActiveCfg = Debug|Any CPU
		{81F333A3-090F-455A-B5A1-5FB92151904B}.Prod|Any CPU.Build.0 = Debug|Any CPU
		{81F333A3-090F-455A-B5A1-5FB92151904B}.Release|Any CPU.ActiveCfg = Release|Any CPU
		{81F333A3-090F-455A-B5A1-5FB92151904B}.Release|Any CPU.Build.0 = Release|Any CPU
		{81F333A3-090F-455A-B5A1-5FB92151904B}.UAT|Any CPU.ActiveCfg = Debug|Any CPU
		{81F333A3-090F-455A-B5A1-5FB92151904B}.UAT|Any CPU.Build.0 = Debug|Any CPU
		{359263DB-7211-4CFD-9C5C-45E647350B9F}.Debug|Any CPU.ActiveCfg = Debug|Any CPU
		{359263DB-7211-4CFD-9C5C-45E647350B9F}.Debug|Any CPU.Build.0 = Debug|Any CPU
		{359263DB-7211-4CFD-9C5C-45E647350B9F}.DEV|Any CPU.ActiveCfg = Release|Any CPU
		{359263DB-7211-4CFD-9C5C-45E647350B9F}.DEV|Any CPU.Build.0 = Release|Any CPU
		{359263DB-7211-4CFD-9C5C-45E647350B9F}.Prod|Any CPU.ActiveCfg = Debug|Any CPU
		{359263DB-7211-4CFD-9C5C-45E647350B9F}.Prod|Any CPU.Build.0 = Debug|Any CPU
		{359263DB-7211-4CFD-9C5C-45E647350B9F}.Release|Any CPU.ActiveCfg = Release|Any CPU
		{359263DB-7211-4CFD-9C5C-45E647350B9F}.Release|Any CPU.Build.0 = Release|Any CPU
		{359263DB-7211-4CFD-9C5C-45E647350B9F}.UAT|Any CPU.ActiveCfg = Debug|Any CPU
		{359263DB-7211-4CFD-9C5C-45E647350B9F}.UAT|Any CPU.Build.0 = Debug|Any CPU
		{C8C4B208-C875-46EE-B116-E2A67FE962C2}.Debug|Any CPU.ActiveCfg = Debug|Any CPU
		{C8C4B208-C875-46EE-B116-E2A67FE962C2}.Debug|Any CPU.Build.0 = Debug|Any CPU
		{C8C4B208-C875-46EE-B116-E2A67FE962C2}.DEV|Any CPU.ActiveCfg = Release|Any CPU
		{C8C4B208-C875-46EE-B116-E2A67FE962C2}.DEV|Any CPU.Build.0 = Release|Any CPU
		{C8C4B208-C875-46EE-B116-E2A67FE962C2}.Prod|Any CPU.ActiveCfg = Debug|Any CPU
		{C8C4B208-C875-46EE-B116-E2A67FE962C2}.Prod|Any CPU.Build.0 = Debug|Any CPU
		{C8C4B208-C875-46EE-B116-E2A67FE962C2}.Release|Any CPU.ActiveCfg = Release|Any CPU
		{C8C4B208-C875-46EE-B116-E2A67FE962C2}.Release|Any CPU.Build.0 = Release|Any CPU
		{C8C4B208-C875-46EE-B116-E2A67FE962C2}.UAT|Any CPU.ActiveCfg = Debug|Any CPU
		{C8C4B208-C875-46EE-B116-E2A67FE962C2}.UAT|Any CPU.Build.0 = Debug|Any CPU
		{C97291D5-0974-4DC8-9A1F-446A8CAD19F1}.Debug|Any CPU.ActiveCfg = Debug|Any CPU
		{C97291D5-0974-4DC8-9A1F-446A8CAD19F1}.Debug|Any CPU.Build.0 = Debug|Any CPU
		{C97291D5-0974-4DC8-9A1F-446A8CAD19F1}.DEV|Any CPU.ActiveCfg = Release|Any CPU
		{C97291D5-0974-4DC8-9A1F-446A8CAD19F1}.DEV|Any CPU.Build.0 = Release|Any CPU
		{C97291D5-0974-4DC8-9A1F-446A8CAD19F1}.Prod|Any CPU.ActiveCfg = Debug|Any CPU
		{C97291D5-0974-4DC8-9A1F-446A8CAD19F1}.Prod|Any CPU.Build.0 = Debug|Any CPU
		{C97291D5-0974-4DC8-9A1F-446A8CAD19F1}.Release|Any CPU.ActiveCfg = Release|Any CPU
		{C97291D5-0974-4DC8-9A1F-446A8CAD19F1}.Release|Any CPU.Build.0 = Release|Any CPU
		{C97291D5-0974-4DC8-9A1F-446A8CAD19F1}.UAT|Any CPU.ActiveCfg = Debug|Any CPU
		{C97291D5-0974-4DC8-9A1F-446A8CAD19F1}.UAT|Any CPU.Build.0 = Debug|Any CPU
		{C6813B48-2477-4FF8-BE30-674E694FF7A8}.Debug|Any CPU.ActiveCfg = Debug|Any CPU
		{C6813B48-2477-4FF8-BE30-674E694FF7A8}.Debug|Any CPU.Build.0 = Debug|Any CPU
		{C6813B48-2477-4FF8-BE30-674E694FF7A8}.DEV|Any CPU.ActiveCfg = Release|Any CPU
		{C6813B48-2477-4FF8-BE30-674E694FF7A8}.DEV|Any CPU.Build.0 = Release|Any CPU
		{C6813B48-2477-4FF8-BE30-674E694FF7A8}.Prod|Any CPU.ActiveCfg = Debug|Any CPU
		{C6813B48-2477-4FF8-BE30-674E694FF7A8}.Prod|Any CPU.Build.0 = Debug|Any CPU
		{C6813B48-2477-4FF8-BE30-674E694FF7A8}.Release|Any CPU.ActiveCfg = Release|Any CPU
		{C6813B48-2477-4FF8-BE30-674E694FF7A8}.Release|Any CPU.Build.0 = Release|Any CPU
		{C6813B48-2477-4FF8-BE30-674E694FF7A8}.UAT|Any CPU.ActiveCfg = Debug|Any CPU
		{C6813B48-2477-4FF8-BE30-674E694FF7A8}.UAT|Any CPU.Build.0 = Debug|Any CPU
	EndGlobalSection
	GlobalSection(SolutionProperties) = preSolution
		HideSolutionNode = FALSE
	EndGlobalSection
	GlobalSection(ExtensibilityGlobals) = postSolution
		SolutionGuid = {FF6E5F79-6DE8-44DA-85DA-5FD8A4C514A7}
	EndGlobalSection
EndGlobal
